
Microsoft Visual Studio Solution File, Format Version 12.00
Project("{FAE04EC0-301F-11D3-BF4B-00C04F79EFBC}") = "MinimalWebApi1", "MinimalWebApi1\MinimalWebApi1.csproj", "{D5ED68DA-4F1C-4C94-AF2B-827EA3FE3310}"
EndProject
Project("{FAE04EC0-301F-11D3-BF4B-00C04F79EFBC}") = "Application", "Application\Application.csproj", "{28BB46FF-6E28-4CEC-BA32-C4E295DB5A38}"
EndProject
Project("{FAE04EC0-301F-11D3-BF4B-00C04F79EFBC}") = "Domain", "Domain\Domain.csproj", "{DBAA83DB-0408-4579-B463-A2B98AC6EE64}"
EndProject
Project("{FAE04EC0-301F-11D3-BF4B-00C04F79EFBC}") = "Infrastructure", "Infrastructure\Infrastructure.csproj", "{65A1D9B9-BCCA-4442-950C-3347D20BBC8B}"
EndProject
Project("{FAE04EC0-301F-11D3-BF4B-00C04F79EFBC}") = "Tests", "Tests\Tests.csproj", "{D9422CA0-6E86-44CC-A588-736889E3C75C}"
EndProject
Global
	GlobalSection(SolutionConfigurationPlatforms) = preSolution
		Debug|Any CPU = Debug|Any CPU
		Release|Any CPU = Release|Any CPU
	EndGlobalSection
	GlobalSection(ProjectConfigurationPlatforms) = postSolution
		{D5ED68DA-4F1C-4C94-AF2B-827EA3FE3310}.Debug|Any CPU.ActiveCfg = Debug|Any CPU
		{D5ED68DA-4F1C-4C94-AF2B-827EA3FE3310}.Debug|Any CPU.Build.0 = Debug|Any CPU
		{D5ED68DA-4F1C-4C94-AF2B-827EA3FE3310}.Release|Any CPU.ActiveCfg = Release|Any CPU
		{D5ED68DA-4F1C-4C94-AF2B-827EA3FE3310}.Release|Any CPU.Build.0 = Release|Any CPU
		{28BB46FF-6E28-4CEC-BA32-C4E295DB5A38}.Debug|Any CPU.ActiveCfg = Debug|Any CPU
		{28BB46FF-6E28-4CEC-BA32-C4E295DB5A38}.Debug|Any CPU.Build.0 = Debug|Any CPU
		{28BB46FF-6E28-4CEC-BA32-C4E295DB5A38}.Release|Any CPU.ActiveCfg = Release|Any CPU
		{28BB46FF-6E28-4CEC-BA32-C4E295DB5A38}.Release|Any CPU.Build.0 = Release|Any CPU
		{DBAA83DB-0408-4579-B463-A2B98AC6EE64}.Debug|Any CPU.ActiveCfg = Debug|Any CPU
		{DBAA83DB-0408-4579-B463-A2B98AC6EE64}.Debug|Any CPU.Build.0 = Debug|Any CPU
		{DBAA83DB-0408-4579-B463-A2B98AC6EE64}.Release|Any CPU.ActiveCfg = Release|Any CPU
		{DBAA83DB-0408-4579-B463-A2B98AC6EE64}.Release|Any CPU.Build.0 = Release|Any CPU
		{65A1D9B9-BCCA-4442-950C-3347D20BBC8B}.Debug|Any CPU.ActiveCfg = Debug|Any CPU
		{65A1D9B9-BCCA-4442-950C-3347D20BBC8B}.Debug|Any CPU.Build.0 = Debug|Any CPU
		{65A1D9B9-BCCA-4442-950C-3347D20BBC8B}.Release|Any CPU.ActiveCfg = Release|Any CPU
		{65A1D9B9-BCCA-4442-950C-3347D20BBC8B}.Release|Any CPU.Build.0 = Release|Any CPU
		{D9422CA0-6E86-44CC-A588-736889E3C75C}.Debug|Any CPU.ActiveCfg = Debug|Any CPU
		{D9422CA0-6E86-44CC-A588-736889E3C75C}.Debug|Any CPU.Build.0 = Debug|Any CPU
		{D9422CA0-6E86-44CC-A588-736889E3C75C}.Release|Any CPU.ActiveCfg = Release|Any CPU
		{D9422CA0-6E86-44CC-A588-736889E3C75C}.Release|Any CPU.Build.0 = Release|Any CPU
	EndGlobalSection
EndGlobal
